// !$*UTF8*$!
{
	archiveVersion = 1;
	classes = {
	};
	objectVersion = 46;
	objects = {

/* Begin PBXBuildFile section */
		0664430CC22047BEAF9D789A /* UIKit.framework in Frameworks */ = {isa = PBXBuildFile; fileRef = 4F64F1DF2E5B4977B528F0D5 /* UIKit.framework */; };
		08655A8625374F56005EECD5 /* AppDelegate.m in Sources */ = {isa = PBXBuildFile; fileRef = 08655A8325374F56005EECD5 /* AppDelegate.m */; };
		08655A8725374F56005EECD5 /* main.m in Sources */ = {isa = PBXBuildFile; fileRef = 08655A8425374F56005EECD5 /* main.m */; };
		08655A8E25375BEC005EECD5 /* WebKit.framework in Frameworks */ = {isa = PBXBuildFile; fileRef = 08655A8A25375BEC005EECD5 /* WebKit.framework */; };
		08655A9025375C11005EECD5 /* libsqlite3.0.tbd in Frameworks */ = {isa = PBXBuildFile; fileRef = 08655A8F25375C11005EECD5 /* libsqlite3.0.tbd */; };
		08655A9225375C1B005EECD5 /* libc++.tbd in Frameworks */ = {isa = PBXBuildFile; fileRef = 08655A9125375C1B005EECD5 /* libc++.tbd */; };
		0F4C4065AF444344971F8E7A /* FontAwesome5_Brands.ttf in Resources */ = {isa = PBXBuildFile; fileRef = F48024F4F5D24FFCAC0C4F56 /* FontAwesome5_Brands.ttf */; };
		0FD756877F584669B449AD41 /* antfill.ttf in Resources */ = {isa = PBXBuildFile; fileRef = 21F4BE36086D488BADCDCB3B /* antfill.ttf */; };
		13B07FBD1A68108700A75B9A /* LaunchScreen.xib in Resources */ = {isa = PBXBuildFile; fileRef = 13B07FB11A68108700A75B9A /* LaunchScreen.xib */; };
		13B07FBF1A68108700A75B9A /* Images.xcassets in Resources */ = {isa = PBXBuildFile; fileRef = 13B07FB51A68108700A75B9A /* Images.xcassets */; };
		15433E3D253D36BC0009CF08 /* assets in Resources */ = {isa = PBXBuildFile; fileRef = 15433E3C253D36BC0009CF08 /* assets */; };
		1548036E25F92F3B00B8F1DD /* libAuroraIMUI.a in Frameworks */ = {isa = PBXBuildFile; fileRef = 1548034725F92A4500B8F1DD /* libAuroraIMUI.a */; settings = {ATTRIBUTES = (Required, ); }; };
		156DA13E2612CCA9004232DD /* RCTAuroraIMUI.framework in Frameworks */ = {isa = PBXBuildFile; fileRef = 1548034925F92A4500B8F1DD /* RCTAuroraIMUI.framework */; };
		156DA13F2612CCA9004232DD /* RCTAuroraIMUI.framework in Embed Frameworks */ = {isa = PBXBuildFile; fileRef = 1548034925F92A4500B8F1DD /* RCTAuroraIMUI.framework */; settings = {ATTRIBUTES = (CodeSignOnCopy, RemoveHeadersOnCopy, ); }; };
		15E7BAFD248A1ED10002D6D9 /* libJMessageRN.a in Frameworks */ = {isa = PBXBuildFile; fileRef = 15E7BAFC248A1ED10002D6D9 /* libJMessageRN.a */; };
		1CBE5E46D6EA42B78E1FF485 /* CFNetwork.framework in Frameworks */ = {isa = PBXBuildFile; fileRef = 131AB4A42CC847D0B9B35C2E /* CFNetwork.framework */; };
		1EF368EC8A974CA3937B05A5 /* CoreFoundation.framework in Frameworks */ = {isa = PBXBuildFile; fileRef = 00A3D2806F224016AC3867B7 /* CoreFoundation.framework */; };
		24885BF546FA498EAED800E5 /* SystemConfiguration.framework in Frameworks */ = {isa = PBXBuildFile; fileRef = A963709115B34BB89241D351 /* SystemConfiguration.framework */; };
		3D87927DD5E24562B82F0997 /* Foundation.framework in Frameworks */ = {isa = PBXBuildFile; fileRef = 09321BC91325482EBF735DE1 /* Foundation.framework */; };
		43C463CFB6AB43E6825539DE /* Fontisto.ttf in Resources */ = {isa = PBXBuildFile; fileRef = 8D16BB5BBC184F698FD0CEBE /* Fontisto.ttf */; };
		567461D56A8C4B9BACB08607 /* MaterialIcons.ttf in Resources */ = {isa = PBXBuildFile; fileRef = DD3632D8FF1B4B69BA6AFFF7 /* MaterialIcons.ttf */; };
		5C70EE300FAE4D10A5C8A305 /* EvilIcons.ttf in Resources */ = {isa = PBXBuildFile; fileRef = 5286A1FE46A040428F7A67C5 /* EvilIcons.ttf */; };
		5CC12BA17D5B45BCAC09CAEF /* FontAwesome.ttf in Resources */ = {isa = PBXBuildFile; fileRef = 142163B7774D452B888D0D57 /* FontAwesome.ttf */; };
		5E99302D87954A11B1FC59FC /* libz.tbd in Frameworks */ = {isa = PBXBuildFile; fileRef = DA4D0A2ADB1D46539AFD45E8 /* libz.tbd */; };
		5EC39128AC79401CBE289352 /* CoreTelephony.framework in Frameworks */ = {isa = PBXBuildFile; fileRef = D2FD3F2702EE48CA898CFD8E /* CoreTelephony.framework */; };
		6B0D769200664FB893F2F121 /* Feather.ttf in Resources */ = {isa = PBXBuildFile; fileRef = E49C00B1E24945F1B9CFE18C /* Feather.ttf */; };
		6CAF25280064418485A67953 /* Foundation.ttf in Resources */ = {isa = PBXBuildFile; fileRef = B0273CC3A0F243DABC4D0359 /* Foundation.ttf */; };
		75A2C79CED8441CCB3441C36 /* Ionicons.ttf in Resources */ = {isa = PBXBuildFile; fileRef = 2015588222224C77AD3B5FEB /* Ionicons.ttf */; };
		7B6903D1C3A148E2A79EBB3D /* Entypo.ttf in Resources */ = {isa = PBXBuildFile; fileRef = 61B1DE97ECB94EB990181F20 /* Entypo.ttf */; };
		8310A1EDAEFC4F3D903B9173 /* AntDesign.ttf in Resources */ = {isa = PBXBuildFile; fileRef = 2C0CC172942948C0827FE9A9 /* AntDesign.ttf */; };
		93FAE104FC194FDB85D551C5 /* SimpleLineIcons.ttf in Resources */ = {isa = PBXBuildFile; fileRef = C15F78C26216426AA36099AC /* SimpleLineIcons.ttf */; };
		9B73551F26E14AAD978105D6 /* CoreGraphics.framework in Frameworks */ = {isa = PBXBuildFile; fileRef = 119252F2B4DB44C983EA7958 /* CoreGraphics.framework */; };
		A1C2F8F2C352495B8E05C28C /* FontAwesome5_Regular.ttf in Resources */ = {isa = PBXBuildFile; fileRef = 33A0B5AD9AD7489999BE702C /* FontAwesome5_Regular.ttf */; };
		AAF229AB2ED841FB99376607 /* FontAwesome5_Solid.ttf in Resources */ = {isa = PBXBuildFile; fileRef = 88DC8545F11848A28DA3C0E0 /* FontAwesome5_Solid.ttf */; };
		B8BE1ABD579F4466BA38E076 /* Zocial.ttf in Resources */ = {isa = PBXBuildFile; fileRef = 56E76D0CD87C495784F4D559 /* Zocial.ttf */; };
		C68D425760374B6396AFF7A2 /* antoutline.ttf in Resources */ = {isa = PBXBuildFile; fileRef = 69B420CDC45049808DA2E729 /* antoutline.ttf */; };
		CF2AA2B2935E4917B22F80B9 /* MaterialCommunityIcons.ttf in Resources */ = {isa = PBXBuildFile; fileRef = 82334952A8E240C794999AEC /* MaterialCommunityIcons.ttf */; };
		DA3A657DCD2C3AB8FF324C97 /* libPods-WapiPay.a in Frameworks */ = {isa = PBXBuildFile; fileRef = C5E855A7393CDA973DAC6804 /* libPods-WapiPay.a */; };
		F0BEA1A9F813476085AA0C07 /* Octicons.ttf in Resources */ = {isa = PBXBuildFile; fileRef = 77A82BD0538C45E382E58C0D /* Octicons.ttf */; };
/* End PBXBuildFile section */

/* Begin PBXContainerItemProxy section */
		1548034625F92A4500B8F1DD /* PBXContainerItemProxy */ = {
			isa = PBXContainerItemProxy;
			containerPortal = 1548034025F92A4500B8F1DD /* RCTAuroraIMUI.xcodeproj */;
			proxyType = 2;
			remoteGlobalIDString = 6239E6641EDDB1F700B9AC9C;
			remoteInfo = AuroraIMUI;
		};
		1548034825F92A4500B8F1DD /* PBXContainerItemProxy */ = {
			isa = PBXContainerItemProxy;
			containerPortal = 1548034025F92A4500B8F1DD /* RCTAuroraIMUI.xcodeproj */;
			proxyType = 2;
			remoteGlobalIDString = 623EA9991EE55D0800EC43AE;
			remoteInfo = RCTAuroraIMUI;
		};
		156DA14B2615870B004232DD /* PBXContainerItemProxy */ = {
			isa = PBXContainerItemProxy;
			containerPortal = 1548034025F92A4500B8F1DD /* RCTAuroraIMUI.xcodeproj */;
			proxyType = 2;
			remoteGlobalIDString = 623EA9A11EE55D0800EC43AE;
			remoteInfo = RCTAuroraIMUITests;
		};
/* End PBXContainerItemProxy section */

/* Begin PBXCopyFilesBuildPhase section */
		156DA1402612CCA9004232DD /* Embed Frameworks */ = {
			isa = PBXCopyFilesBuildPhase;
			buildActionMask = 2147483647;
			dstPath = "";
			dstSubfolderSpec = 10;
			files = (
				156DA13F2612CCA9004232DD /* RCTAuroraIMUI.framework in Embed Frameworks */,
			);
			name = "Embed Frameworks";
			runOnlyForDeploymentPostprocessing = 0;
		};
/* End PBXCopyFilesBuildPhase section */

/* Begin PBXFileReference section */
		00A3D2806F224016AC3867B7 /* CoreFoundation.framework */ = {isa = PBXFileReference; explicitFileType = undefined; fileEncoding = 9; includeInIndex = 0; lastKnownFileType = wrapper.framework; name = CoreFoundation.framework; path = System/Library/Frameworks/CoreFoundation.framework; sourceTree = SDKROOT; };
		00E356F11AD99517003FC87E /* Info.plist */ = {isa = PBXFileReference; lastKnownFileType = text.plist.xml; path = Info.plist; sourceTree = "<group>"; };
		00E356F21AD99517003FC87E /* wapiAppTests.m */ = {isa = PBXFileReference; lastKnownFileType = sourcecode.c.objc; path = wapiAppTests.m; sourceTree = "<group>"; };
		07ADFFA8141242558A82720A /* RCTAuroraIMUITests.xctest */ = {isa = PBXFileReference; explicitFileType = undefined; fileEncoding = 9; includeInIndex = 0; lastKnownFileType = wrapper.cfbundle; path = RCTAuroraIMUITests.xctest; sourceTree = "<group>"; };
		08655A8225374F56005EECD5 /* AppDelegate.h */ = {isa = PBXFileReference; fileEncoding = 4; lastKnownFileType = sourcecode.c.h; name = AppDelegate.h; path = WapiPay/AppDelegate.h; sourceTree = "<group>"; };
		08655A8325374F56005EECD5 /* AppDelegate.m */ = {isa = PBXFileReference; fileEncoding = 4; lastKnownFileType = sourcecode.c.objc; name = AppDelegate.m; path = WapiPay/AppDelegate.m; sourceTree = "<group>"; };
		08655A8425374F56005EECD5 /* main.m */ = {isa = PBXFileReference; fileEncoding = 4; lastKnownFileType = sourcecode.c.objc; name = main.m; path = WapiPay/main.m; sourceTree = "<group>"; };
		08655A8525374F56005EECD5 /* WapiPay.entitlements */ = {isa = PBXFileReference; fileEncoding = 4; lastKnownFileType = text.plist.entitlements; name = WapiPay.entitlements; path = WapiPay/WapiPay.entitlements; sourceTree = "<group>"; };
		08655A8A25375BEC005EECD5 /* WebKit.framework */ = {isa = PBXFileReference; lastKnownFileType = wrapper.framework; name = WebKit.framework; path = System/Library/Frameworks/WebKit.framework; sourceTree = SDKROOT; };
		08655A8F25375C11005EECD5 /* libsqlite3.0.tbd */ = {isa = PBXFileReference; lastKnownFileType = "sourcecode.text-based-dylib-definition"; name = libsqlite3.0.tbd; path = usr/lib/libsqlite3.0.tbd; sourceTree = SDKROOT; };
		08655A9125375C1B005EECD5 /* libc++.tbd */ = {isa = PBXFileReference; lastKnownFileType = "sourcecode.text-based-dylib-definition"; name = "libc++.tbd"; path = "usr/lib/libc++.tbd"; sourceTree = SDKROOT; };
		09321BC91325482EBF735DE1 /* Foundation.framework */ = {isa = PBXFileReference; explicitFileType = undefined; fileEncoding = 9; includeInIndex = 0; lastKnownFileType = wrapper.framework; name = Foundation.framework; path = System/Library/Frameworks/Foundation.framework; sourceTree = SDKROOT; };
		119252F2B4DB44C983EA7958 /* CoreGraphics.framework */ = {isa = PBXFileReference; explicitFileType = undefined; fileEncoding = 9; includeInIndex = 0; lastKnownFileType = wrapper.framework; name = CoreGraphics.framework; path = System/Library/Frameworks/CoreGraphics.framework; sourceTree = SDKROOT; };
		131AB4A42CC847D0B9B35C2E /* CFNetwork.framework */ = {isa = PBXFileReference; explicitFileType = undefined; fileEncoding = 9; includeInIndex = 0; lastKnownFileType = wrapper.framework; name = CFNetwork.framework; path = System/Library/Frameworks/CFNetwork.framework; sourceTree = SDKROOT; };
		13B07F961A680F5B00A75B9A /* WapiPay.app */ = {isa = PBXFileReference; explicitFileType = wrapper.application; includeInIndex = 0; path = WapiPay.app; sourceTree = BUILT_PRODUCTS_DIR; };
		13B07FB21A68108700A75B9A /* Base */ = {isa = PBXFileReference; lastKnownFileType = file.xib; name = Base; path = Base.lproj/LaunchScreen.xib; sourceTree = "<group>"; };
		13B07FB51A68108700A75B9A /* Images.xcassets */ = {isa = PBXFileReference; lastKnownFileType = folder.assetcatalog; name = Images.xcassets; path = WapiPay/Images.xcassets; sourceTree = "<group>"; };
		13B07FB61A68108700A75B9A /* Info.plist */ = {isa = PBXFileReference; fileEncoding = 4; lastKnownFileType = text.plist.xml; name = Info.plist; path = WapiPay/Info.plist; sourceTree = "<group>"; };
		142163B7774D452B888D0D57 /* FontAwesome.ttf */ = {isa = PBXFileReference; explicitFileType = undefined; fileEncoding = 9; includeInIndex = 0; lastKnownFileType = unknown; name = FontAwesome.ttf; path = "../node_modules/react-native-vector-icons/Fonts/FontAwesome.ttf"; sourceTree = "<group>"; };
		15433E3C253D36BC0009CF08 /* assets */ = {isa = PBXFileReference; lastKnownFileType = folder; name = assets; path = ../release_ios/assets; sourceTree = "<group>"; };
		1548034025F92A4500B8F1DD /* RCTAuroraIMUI.xcodeproj */ = {isa = PBXFileReference; lastKnownFileType = "wrapper.pb-project"; name = RCTAuroraIMUI.xcodeproj; path = "../node_modules/aurora-imui-react-native/ReactNative/ios/RCTAuroraIMUI.xcodeproj"; sourceTree = "<group>"; };
		15E7BAFC248A1ED10002D6D9 /* libJMessageRN.a */ = {isa = PBXFileReference; explicitFileType = archive.ar; path = libJMessageRN.a; sourceTree = BUILT_PRODUCTS_DIR; };
		2015588222224C77AD3B5FEB /* Ionicons.ttf */ = {isa = PBXFileReference; explicitFileType = undefined; fileEncoding = 9; includeInIndex = 0; lastKnownFileType = unknown; name = Ionicons.ttf; path = "../node_modules/react-native-vector-icons/Fonts/Ionicons.ttf"; sourceTree = "<group>"; };
		21F4BE36086D488BADCDCB3B /* antfill.ttf */ = {isa = PBXFileReference; explicitFileType = undefined; fileEncoding = 9; includeInIndex = 0; lastKnownFileType = unknown; name = antfill.ttf; path = "../node_modules/@ant-design/icons-react-native/fonts/antfill.ttf"; sourceTree = "<group>"; };
		26E335C724F79D5770F91CA8 /* Pods-WapiPay-tvOSTests.debug.xcconfig */ = {isa = PBXFileReference; includeInIndex = 1; lastKnownFileType = text.xcconfig; name = "Pods-WapiPay-tvOSTests.debug.xcconfig"; path = "Pods/Target Support Files/Pods-WapiPay-tvOSTests/Pods-WapiPay-tvOSTests.debug.xcconfig"; sourceTree = "<group>"; };
		2C0CC172942948C0827FE9A9 /* AntDesign.ttf */ = {isa = PBXFileReference; explicitFileType = undefined; fileEncoding = 9; includeInIndex = 0; lastKnownFileType = unknown; name = AntDesign.ttf; path = "../node_modules/react-native-vector-icons/Fonts/AntDesign.ttf"; sourceTree = "<group>"; };
		33A0B5AD9AD7489999BE702C /* FontAwesome5_Regular.ttf */ = {isa = PBXFileReference; explicitFileType = undefined; fileEncoding = 9; includeInIndex = 0; lastKnownFileType = unknown; name = FontAwesome5_Regular.ttf; path = "../node_modules/react-native-vector-icons/Fonts/FontAwesome5_Regular.ttf"; sourceTree = "<group>"; };
		4C2BC8D8F877B4F93032F5E0 /* libPods-WapiPay-tvOSTests.a */ = {isa = PBXFileReference; explicitFileType = archive.ar; includeInIndex = 0; path = "libPods-WapiPay-tvOSTests.a"; sourceTree = BUILT_PRODUCTS_DIR; };
		4F64F1DF2E5B4977B528F0D5 /* UIKit.framework */ = {isa = PBXFileReference; explicitFileType = undefined; fileEncoding = 9; includeInIndex = 0; lastKnownFileType = wrapper.framework; name = UIKit.framework; path = System/Library/Frameworks/UIKit.framework; sourceTree = SDKROOT; };
		5286A1FE46A040428F7A67C5 /* EvilIcons.ttf */ = {isa = PBXFileReference; explicitFileType = undefined; fileEncoding = 9; includeInIndex = 0; lastKnownFileType = unknown; name = EvilIcons.ttf; path = "../node_modules/react-native-vector-icons/Fonts/EvilIcons.ttf"; sourceTree = "<group>"; };
		56E76D0CD87C495784F4D559 /* Zocial.ttf */ = {isa = PBXFileReference; explicitFileType = undefined; fileEncoding = 9; includeInIndex = 0; lastKnownFileType = unknown; name = Zocial.ttf; path = "../node_modules/react-native-vector-icons/Fonts/Zocial.ttf"; sourceTree = "<group>"; };
		5F212463AAF1F39FF102B0AF /* libPods-WapiPay-tvOS.a */ = {isa = PBXFileReference; explicitFileType = archive.ar; includeInIndex = 0; path = "libPods-WapiPay-tvOS.a"; sourceTree = BUILT_PRODUCTS_DIR; };
		61A98BFAE135CCA44C7FF485 /* Pods-WapiPay-tvOS.release.xcconfig */ = {isa = PBXFileReference; includeInIndex = 1; lastKnownFileType = text.xcconfig; name = "Pods-WapiPay-tvOS.release.xcconfig"; path = "Pods/Target Support Files/Pods-WapiPay-tvOS/Pods-WapiPay-tvOS.release.xcconfig"; sourceTree = "<group>"; };
		61B1DE97ECB94EB990181F20 /* Entypo.ttf */ = {isa = PBXFileReference; explicitFileType = undefined; fileEncoding = 9; includeInIndex = 0; lastKnownFileType = unknown; name = Entypo.ttf; path = "../node_modules/react-native-vector-icons/Fonts/Entypo.ttf"; sourceTree = "<group>"; };
		69B420CDC45049808DA2E729 /* antoutline.ttf */ = {isa = PBXFileReference; explicitFileType = undefined; fileEncoding = 9; includeInIndex = 0; lastKnownFileType = unknown; name = antoutline.ttf; path = "../node_modules/@ant-design/icons-react-native/fonts/antoutline.ttf"; sourceTree = "<group>"; };
		77A82BD0538C45E382E58C0D /* Octicons.ttf */ = {isa = PBXFileReference; explicitFileType = undefined; fileEncoding = 9; includeInIndex = 0; lastKnownFileType = unknown; name = Octicons.ttf; path = "../node_modules/react-native-vector-icons/Fonts/Octicons.ttf"; sourceTree = "<group>"; };
		82334952A8E240C794999AEC /* MaterialCommunityIcons.ttf */ = {isa = PBXFileReference; explicitFileType = undefined; fileEncoding = 9; includeInIndex = 0; lastKnownFileType = unknown; name = MaterialCommunityIcons.ttf; path = "../node_modules/react-native-vector-icons/Fonts/MaterialCommunityIcons.ttf"; sourceTree = "<group>"; };
		88DC8545F11848A28DA3C0E0 /* FontAwesome5_Solid.ttf */ = {isa = PBXFileReference; explicitFileType = undefined; fileEncoding = 9; includeInIndex = 0; lastKnownFileType = unknown; name = FontAwesome5_Solid.ttf; path = "../node_modules/react-native-vector-icons/Fonts/FontAwesome5_Solid.ttf"; sourceTree = "<group>"; };
		8A86E1DB0245F20A8CDDEC41 /* Pods-WapiPay.debug.xcconfig */ = {isa = PBXFileReference; includeInIndex = 1; lastKnownFileType = text.xcconfig; name = "Pods-WapiPay.debug.xcconfig"; path = "Pods/Target Support Files/Pods-WapiPay/Pods-WapiPay.debug.xcconfig"; sourceTree = "<group>"; };
		8D16BB5BBC184F698FD0CEBE /* Fontisto.ttf */ = {isa = PBXFileReference; explicitFileType = undefined; fileEncoding = 9; includeInIndex = 0; lastKnownFileType = unknown; name = Fontisto.ttf; path = "../node_modules/react-native-vector-icons/Fonts/Fontisto.ttf"; sourceTree = "<group>"; };
		8ED3C3728CA39E8ADE9C9EE0 /* Pods-wapiAppTests.debug.xcconfig */ = {isa = PBXFileReference; includeInIndex = 1; lastKnownFileType = text.xcconfig; name = "Pods-wapiAppTests.debug.xcconfig"; path = "Pods/Target Support Files/Pods-wapiAppTests/Pods-wapiAppTests.debug.xcconfig"; sourceTree = "<group>"; };
		8FDBD0A904FD92FDD8BC8443 /* Pods-WapiPay.release.xcconfig */ = {isa = PBXFileReference; includeInIndex = 1; lastKnownFileType = text.xcconfig; name = "Pods-WapiPay.release.xcconfig"; path = "Pods/Target Support Files/Pods-WapiPay/Pods-WapiPay.release.xcconfig"; sourceTree = "<group>"; };
		A6DDEADC49434BB5B138B9C7 /* RCTAuroraIMUI.framework */ = {isa = PBXFileReference; explicitFileType = undefined; fileEncoding = 9; includeInIndex = 0; lastKnownFileType = wrapper.framework; name = RCTAuroraIMUI.framework; path = System/Library/Frameworks/RCTAuroraIMUI.framework; sourceTree = SDKROOT; };
		A963709115B34BB89241D351 /* SystemConfiguration.framework */ = {isa = PBXFileReference; explicitFileType = undefined; fileEncoding = 9; includeInIndex = 0; lastKnownFileType = wrapper.framework; name = SystemConfiguration.framework; path = System/Library/Frameworks/SystemConfiguration.framework; sourceTree = SDKROOT; };
		AABBF11B051AC0729E55234D /* Pods-wapiAppTests.release.xcconfig */ = {isa = PBXFileReference; includeInIndex = 1; lastKnownFileType = text.xcconfig; name = "Pods-wapiAppTests.release.xcconfig"; path = "Pods/Target Support Files/Pods-wapiAppTests/Pods-wapiAppTests.release.xcconfig"; sourceTree = "<group>"; };
		B0273CC3A0F243DABC4D0359 /* Foundation.ttf */ = {isa = PBXFileReference; explicitFileType = undefined; fileEncoding = 9; includeInIndex = 0; lastKnownFileType = unknown; name = Foundation.ttf; path = "../node_modules/react-native-vector-icons/Fonts/Foundation.ttf"; sourceTree = "<group>"; };
		C15F78C26216426AA36099AC /* SimpleLineIcons.ttf */ = {isa = PBXFileReference; explicitFileType = undefined; fileEncoding = 9; includeInIndex = 0; lastKnownFileType = unknown; name = SimpleLineIcons.ttf; path = "../node_modules/react-native-vector-icons/Fonts/SimpleLineIcons.ttf"; sourceTree = "<group>"; };
		C376DCF9BB3CE529B4FD4EFF /* Pods-WapiPay-tvOSTests.release.xcconfig */ = {isa = PBXFileReference; includeInIndex = 1; lastKnownFileType = text.xcconfig; name = "Pods-WapiPay-tvOSTests.release.xcconfig"; path = "Pods/Target Support Files/Pods-WapiPay-tvOSTests/Pods-WapiPay-tvOSTests.release.xcconfig"; sourceTree = "<group>"; };
		C5E855A7393CDA973DAC6804 /* libPods-WapiPay.a */ = {isa = PBXFileReference; explicitFileType = archive.ar; includeInIndex = 0; path = "libPods-WapiPay.a"; sourceTree = BUILT_PRODUCTS_DIR; };
		D2FD3F2702EE48CA898CFD8E /* CoreTelephony.framework */ = {isa = PBXFileReference; explicitFileType = undefined; fileEncoding = 9; includeInIndex = 0; lastKnownFileType = wrapper.framework; name = CoreTelephony.framework; path = System/Library/Frameworks/CoreTelephony.framework; sourceTree = SDKROOT; };
		D5353A65E00BCEA2233F10AF /* libPods-wapiAppTests.a */ = {isa = PBXFileReference; explicitFileType = archive.ar; includeInIndex = 0; path = "libPods-wapiAppTests.a"; sourceTree = BUILT_PRODUCTS_DIR; };
		DA4D0A2ADB1D46539AFD45E8 /* libz.tbd */ = {isa = PBXFileReference; explicitFileType = undefined; fileEncoding = 9; includeInIndex = 0; lastKnownFileType = "sourcecode.text-based-dylib-definition"; name = libz.tbd; path = usr/lib/libz.tbd; sourceTree = SDKROOT; };
		DCCB74F446A0D3713B6DC9ED /* Pods-WapiPay-tvOS.debug.xcconfig */ = {isa = PBXFileReference; includeInIndex = 1; lastKnownFileType = text.xcconfig; name = "Pods-WapiPay-tvOS.debug.xcconfig"; path = "Pods/Target Support Files/Pods-WapiPay-tvOS/Pods-WapiPay-tvOS.debug.xcconfig"; sourceTree = "<group>"; };
		DD3632D8FF1B4B69BA6AFFF7 /* MaterialIcons.ttf */ = {isa = PBXFileReference; explicitFileType = undefined; fileEncoding = 9; includeInIndex = 0; lastKnownFileType = unknown; name = MaterialIcons.ttf; path = "../node_modules/react-native-vector-icons/Fonts/MaterialIcons.ttf"; sourceTree = "<group>"; };
		E49C00B1E24945F1B9CFE18C /* Feather.ttf */ = {isa = PBXFileReference; explicitFileType = undefined; fileEncoding = 9; includeInIndex = 0; lastKnownFileType = unknown; name = Feather.ttf; path = "../node_modules/react-native-vector-icons/Fonts/Feather.ttf"; sourceTree = "<group>"; };
		E95ED80EE2CC48A7868B0CD6 /* libAuroraIMUI.a */ = {isa = PBXFileReference; explicitFileType = undefined; fileEncoding = 9; includeInIndex = 0; lastKnownFileType = archive.ar; path = libAuroraIMUI.a; sourceTree = "<group>"; };
		ED297162215061F000B7C4FE /* JavaScriptCore.framework */ = {isa = PBXFileReference; lastKnownFileType = wrapper.framework; name = JavaScriptCore.framework; path = System/Library/Frameworks/JavaScriptCore.framework; sourceTree = SDKROOT; };
		ED2971642150620600B7C4FE /* JavaScriptCore.framework */ = {isa = PBXFileReference; lastKnownFileType = wrapper.framework; name = JavaScriptCore.framework; path = Platforms/AppleTVOS.platform/Developer/SDKs/AppleTVOS12.0.sdk/System/Library/Frameworks/JavaScriptCore.framework; sourceTree = DEVELOPER_DIR; };
		F48024F4F5D24FFCAC0C4F56 /* FontAwesome5_Brands.ttf */ = {isa = PBXFileReference; explicitFileType = undefined; fileEncoding = 9; includeInIndex = 0; lastKnownFileType = unknown; name = FontAwesome5_Brands.ttf; path = "../node_modules/react-native-vector-icons/Fonts/FontAwesome5_Brands.ttf"; sourceTree = "<group>"; };
/* End PBXFileReference section */

/* Begin PBXFrameworksBuildPhase section */
		13B07F8C1A680F5B00A75B9A /* Frameworks */ = {
			isa = PBXFrameworksBuildPhase;
			buildActionMask = 2147483647;
			files = (
				5E99302D87954A11B1FC59FC /* libz.tbd in Frameworks */,
				08655A9225375C1B005EECD5 /* libc++.tbd in Frameworks */,
				08655A9025375C11005EECD5 /* libsqlite3.0.tbd in Frameworks */,
				5EC39128AC79401CBE289352 /* CoreTelephony.framework in Frameworks */,
				24885BF546FA498EAED800E5 /* SystemConfiguration.framework in Frameworks */,
				08655A8E25375BEC005EECD5 /* WebKit.framework in Frameworks */,
				15E7BAFD248A1ED10002D6D9 /* libJMessageRN.a in Frameworks */,
				1548036E25F92F3B00B8F1DD /* libAuroraIMUI.a in Frameworks */,
				DA3A657DCD2C3AB8FF324C97 /* libPods-WapiPay.a in Frameworks */,
				156DA13E2612CCA9004232DD /* RCTAuroraIMUI.framework in Frameworks */,
				1CBE5E46D6EA42B78E1FF485 /* CFNetwork.framework in Frameworks */,
				1EF368EC8A974CA3937B05A5 /* CoreFoundation.framework in Frameworks */,
				3D87927DD5E24562B82F0997 /* Foundation.framework in Frameworks */,
				0664430CC22047BEAF9D789A /* UIKit.framework in Frameworks */,
				9B73551F26E14AAD978105D6 /* CoreGraphics.framework in Frameworks */,
			);
			runOnlyForDeploymentPostprocessing = 0;
		};
/* End PBXFrameworksBuildPhase section */

/* Begin PBXGroup section */
		00E356EF1AD99517003FC87E /* wapiAppTests */ = {
			isa = PBXGroup;
			children = (
				00E356F21AD99517003FC87E /* wapiAppTests.m */,
				00E356F01AD99517003FC87E /* Supporting Files */,
			);
			path = wapiAppTests;
			sourceTree = "<group>";
		};
		00E356F01AD99517003FC87E /* Supporting Files */ = {
			isa = PBXGroup;
			children = (
				00E356F11AD99517003FC87E /* Info.plist */,
			);
			name = "Supporting Files";
			sourceTree = "<group>";
		};
		13B07FAE1A68108700A75B9A /* WapiPay */ = {
			isa = PBXGroup;
			children = (
				08655A8225374F56005EECD5 /* AppDelegate.h */,
				08655A8325374F56005EECD5 /* AppDelegate.m */,
				08655A8425374F56005EECD5 /* main.m */,
				08655A8525374F56005EECD5 /* WapiPay.entitlements */,
				13B07FB51A68108700A75B9A /* Images.xcassets */,
				15433E3C253D36BC0009CF08 /* assets */,
				13B07FB61A68108700A75B9A /* Info.plist */,
				13B07FB11A68108700A75B9A /* LaunchScreen.xib */,
			);
			name = WapiPay;
			sourceTree = "<group>";
		};
		1548034125F92A4500B8F1DD /* Products */ = {
			isa = PBXGroup;
			children = (
				1548034725F92A4500B8F1DD /* libAuroraIMUI.a */,
				1548034925F92A4500B8F1DD /* RCTAuroraIMUI.framework */,
				156DA14C2615870B004232DD /* RCTAuroraIMUITests.xctest */,
			);
			name = Products;
			sourceTree = "<group>";
		};
		15E7BB0A248A265E0002D6D9 /* Recovered References */ = {
			isa = PBXGroup;
			children = (
				E95ED80EE2CC48A7868B0CD6 /* libAuroraIMUI.a */,
				A6DDEADC49434BB5B138B9C7 /* RCTAuroraIMUI.framework */,
				07ADFFA8141242558A82720A /* RCTAuroraIMUITests.xctest */,
			);
			name = "Recovered References";
			sourceTree = "<group>";
		};
		1BDD24D816C13EF847078FD5 /* Pods */ = {
			isa = PBXGroup;
			children = (
				8A86E1DB0245F20A8CDDEC41 /* Pods-WapiPay.debug.xcconfig */,
				8FDBD0A904FD92FDD8BC8443 /* Pods-WapiPay.release.xcconfig */,
				DCCB74F446A0D3713B6DC9ED /* Pods-WapiPay-tvOS.debug.xcconfig */,
				61A98BFAE135CCA44C7FF485 /* Pods-WapiPay-tvOS.release.xcconfig */,
				26E335C724F79D5770F91CA8 /* Pods-WapiPay-tvOSTests.debug.xcconfig */,
				C376DCF9BB3CE529B4FD4EFF /* Pods-WapiPay-tvOSTests.release.xcconfig */,
				8ED3C3728CA39E8ADE9C9EE0 /* Pods-wapiAppTests.debug.xcconfig */,
				AABBF11B051AC0729E55234D /* Pods-wapiAppTests.release.xcconfig */,
			);
			name = Pods;
			sourceTree = "<group>";
		};
		2D16E6871FA4F8E400B85C8A /* Frameworks */ = {
			isa = PBXGroup;
			children = (
				08655A9125375C1B005EECD5 /* libc++.tbd */,
				08655A8F25375C11005EECD5 /* libsqlite3.0.tbd */,
				08655A8A25375BEC005EECD5 /* WebKit.framework */,
				15E7BAFC248A1ED10002D6D9 /* libJMessageRN.a */,
				ED297162215061F000B7C4FE /* JavaScriptCore.framework */,
				ED2971642150620600B7C4FE /* JavaScriptCore.framework */,
				C5E855A7393CDA973DAC6804 /* libPods-WapiPay.a */,
				5F212463AAF1F39FF102B0AF /* libPods-WapiPay-tvOS.a */,
				4C2BC8D8F877B4F93032F5E0 /* libPods-WapiPay-tvOSTests.a */,
				D5353A65E00BCEA2233F10AF /* libPods-wapiAppTests.a */,
				DA4D0A2ADB1D46539AFD45E8 /* libz.tbd */,
				D2FD3F2702EE48CA898CFD8E /* CoreTelephony.framework */,
				131AB4A42CC847D0B9B35C2E /* CFNetwork.framework */,
				00A3D2806F224016AC3867B7 /* CoreFoundation.framework */,
				A963709115B34BB89241D351 /* SystemConfiguration.framework */,
				09321BC91325482EBF735DE1 /* Foundation.framework */,
				4F64F1DF2E5B4977B528F0D5 /* UIKit.framework */,
				119252F2B4DB44C983EA7958 /* CoreGraphics.framework */,
			);
			name = Frameworks;
			sourceTree = "<group>";
		};
		832341AE1AAA6A7D00B99B32 /* Libraries */ = {
			isa = PBXGroup;
			children = (
				1548034025F92A4500B8F1DD /* RCTAuroraIMUI.xcodeproj */,
			);
			name = Libraries;
			sourceTree = "<group>";
		};
		83CBB9F61A601CBA00E9B192 = {
			isa = PBXGroup;
			children = (
				13B07FAE1A68108700A75B9A /* WapiPay */,
				832341AE1AAA6A7D00B99B32 /* Libraries */,
				00E356EF1AD99517003FC87E /* wapiAppTests */,
				83CBBA001A601CBA00E9B192 /* Products */,
				2D16E6871FA4F8E400B85C8A /* Frameworks */,
				1BDD24D816C13EF847078FD5 /* Pods */,
				ECD6A54CEA894E18B4078CC1 /* Resources */,
				15E7BB0A248A265E0002D6D9 /* Recovered References */,
			);
			indentWidth = 2;
			sourceTree = "<group>";
			tabWidth = 2;
			usesTabs = 0;
		};
		83CBBA001A601CBA00E9B192 /* Products */ = {
			isa = PBXGroup;
			children = (
				13B07F961A680F5B00A75B9A /* WapiPay.app */,
			);
			name = Products;
			sourceTree = "<group>";
		};
		ECD6A54CEA894E18B4078CC1 /* Resources */ = {
			isa = PBXGroup;
			children = (
				21F4BE36086D488BADCDCB3B /* antfill.ttf */,
				69B420CDC45049808DA2E729 /* antoutline.ttf */,
				2C0CC172942948C0827FE9A9 /* AntDesign.ttf */,
				61B1DE97ECB94EB990181F20 /* Entypo.ttf */,
				5286A1FE46A040428F7A67C5 /* EvilIcons.ttf */,
				E49C00B1E24945F1B9CFE18C /* Feather.ttf */,
				142163B7774D452B888D0D57 /* FontAwesome.ttf */,
				F48024F4F5D24FFCAC0C4F56 /* FontAwesome5_Brands.ttf */,
				33A0B5AD9AD7489999BE702C /* FontAwesome5_Regular.ttf */,
				88DC8545F11848A28DA3C0E0 /* FontAwesome5_Solid.ttf */,
				8D16BB5BBC184F698FD0CEBE /* Fontisto.ttf */,
				B0273CC3A0F243DABC4D0359 /* Foundation.ttf */,
				2015588222224C77AD3B5FEB /* Ionicons.ttf */,
				82334952A8E240C794999AEC /* MaterialCommunityIcons.ttf */,
				DD3632D8FF1B4B69BA6AFFF7 /* MaterialIcons.ttf */,
				77A82BD0538C45E382E58C0D /* Octicons.ttf */,
				C15F78C26216426AA36099AC /* SimpleLineIcons.ttf */,
				56E76D0CD87C495784F4D559 /* Zocial.ttf */,
			);
			name = Resources;
			sourceTree = "<group>";
		};
/* End PBXGroup section */

/* Begin PBXNativeTarget section */
		13B07F861A680F5B00A75B9A /* WapiPay */ = {
			isa = PBXNativeTarget;
			buildConfigurationList = 13B07F931A680F5B00A75B9A /* Build configuration list for PBXNativeTarget "WapiPay" */;
			buildPhases = (
				BE423149243C1222261B5AA5 /* [CP] Check Pods Manifest.lock */,
				FD10A7F022414F080027D42C /* Start Packager */,
				13B07F871A680F5B00A75B9A /* Sources */,
				13B07F8C1A680F5B00A75B9A /* Frameworks */,
				13B07F8E1A680F5B00A75B9A /* Resources */,
				00DD1BFF1BD5951E006B06BC /* Bundle React Native code and images */,
				D19852518532F81D87A7CBA9 /* [CP] Copy Pods Resources */,
				156DA1402612CCA9004232DD /* Embed Frameworks */,
			);
			buildRules = (
			);
			dependencies = (
			);
			name = WapiPay;
			productName = WapiPay;
			productReference = 13B07F961A680F5B00A75B9A /* WapiPay.app */;
			productType = "com.apple.product-type.application";
		};
/* End PBXNativeTarget section */

/* Begin PBXProject section */
		83CBB9F71A601CBA00E9B192 /* Project object */ = {
			isa = PBXProject;
			attributes = {
				LastUpgradeCheck = 940;
				ORGANIZATIONNAME = Facebook;
				TargetAttributes = {
					13B07F861A680F5B00A75B9A = {
						DevelopmentTeam = 4QLMLB4K2H;
						ProvisioningStyle = Automatic;
					};
				};
			};
			buildConfigurationList = 83CBB9FA1A601CBA00E9B192 /* Build configuration list for PBXProject "WapiApp" */;
			compatibilityVersion = "Xcode 3.2";
			developmentRegion = English;
			hasScannedForEncodings = 0;
			knownRegions = (
				English,
				en,
				Base,
			);
			mainGroup = 83CBB9F61A601CBA00E9B192;
			productRefGroup = 83CBBA001A601CBA00E9B192 /* Products */;
			projectDirPath = "";
			projectReferences = (
				{
					ProductGroup = 1548034125F92A4500B8F1DD /* Products */;
					ProjectRef = 1548034025F92A4500B8F1DD /* RCTAuroraIMUI.xcodeproj */;
				},
			);
			projectRoot = "";
			targets = (
				13B07F861A680F5B00A75B9A /* WapiPay */,
			);
		};
/* End PBXProject section */

/* Begin PBXReferenceProxy section */
		1548034725F92A4500B8F1DD /* libAuroraIMUI.a */ = {
			isa = PBXReferenceProxy;
			fileType = archive.ar;
			path = libAuroraIMUI.a;
			remoteRef = 1548034625F92A4500B8F1DD /* PBXContainerItemProxy */;
			sourceTree = BUILT_PRODUCTS_DIR;
		};
		1548034925F92A4500B8F1DD /* RCTAuroraIMUI.framework */ = {
			isa = PBXReferenceProxy;
			fileType = wrapper.framework;
			path = RCTAuroraIMUI.framework;
			remoteRef = 1548034825F92A4500B8F1DD /* PBXContainerItemProxy */;
			sourceTree = BUILT_PRODUCTS_DIR;
		};
		156DA14C2615870B004232DD /* RCTAuroraIMUITests.xctest */ = {
			isa = PBXReferenceProxy;
			fileType = wrapper.cfbundle;
			path = RCTAuroraIMUITests.xctest;
			remoteRef = 156DA14B2615870B004232DD /* PBXContainerItemProxy */;
			sourceTree = BUILT_PRODUCTS_DIR;
		};
/* End PBXReferenceProxy section */

/* Begin PBXResourcesBuildPhase section */
		13B07F8E1A680F5B00A75B9A /* Resources */ = {
			isa = PBXResourcesBuildPhase;
			buildActionMask = 2147483647;
			files = (
				15433E3D253D36BC0009CF08 /* assets in Resources */,
				13B07FBF1A68108700A75B9A /* Images.xcassets in Resources */,
				13B07FBD1A68108700A75B9A /* LaunchScreen.xib in Resources */,
				0FD756877F584669B449AD41 /* antfill.ttf in Resources */,
				C68D425760374B6396AFF7A2 /* antoutline.ttf in Resources */,
				8310A1EDAEFC4F3D903B9173 /* AntDesign.ttf in Resources */,
				7B6903D1C3A148E2A79EBB3D /* Entypo.ttf in Resources */,
				5C70EE300FAE4D10A5C8A305 /* EvilIcons.ttf in Resources */,
				6B0D769200664FB893F2F121 /* Feather.ttf in Resources */,
				5CC12BA17D5B45BCAC09CAEF /* FontAwesome.ttf in Resources */,
				0F4C4065AF444344971F8E7A /* FontAwesome5_Brands.ttf in Resources */,
				A1C2F8F2C352495B8E05C28C /* FontAwesome5_Regular.ttf in Resources */,
				AAF229AB2ED841FB99376607 /* FontAwesome5_Solid.ttf in Resources */,
				43C463CFB6AB43E6825539DE /* Fontisto.ttf in Resources */,
				6CAF25280064418485A67953 /* Foundation.ttf in Resources */,
				75A2C79CED8441CCB3441C36 /* Ionicons.ttf in Resources */,
				CF2AA2B2935E4917B22F80B9 /* MaterialCommunityIcons.ttf in Resources */,
				567461D56A8C4B9BACB08607 /* MaterialIcons.ttf in Resources */,
				F0BEA1A9F813476085AA0C07 /* Octicons.ttf in Resources */,
				93FAE104FC194FDB85D551C5 /* SimpleLineIcons.ttf in Resources */,
				B8BE1ABD579F4466BA38E076 /* Zocial.ttf in Resources */,
			);
			runOnlyForDeploymentPostprocessing = 0;
		};
/* End PBXResourcesBuildPhase section */

/* Begin PBXShellScriptBuildPhase section */
		00DD1BFF1BD5951E006B06BC /* Bundle React Native code and images */ = {
			isa = PBXShellScriptBuildPhase;
			buildActionMask = 2147483647;
			files = (
			);
			inputPaths = (
			);
			name = "Bundle React Native code and images";
			outputPaths = (
			);
			runOnlyForDeploymentPostprocessing = 0;
			shellPath = /bin/sh;
			shellScript = "export NODE_BINARY=node\n../node_modules/react-native/scripts/react-native-xcode.sh\n";
		};
		BE423149243C1222261B5AA5 /* [CP] Check Pods Manifest.lock */ = {
			isa = PBXShellScriptBuildPhase;
			buildActionMask = 2147483647;
			files = (
			);
			inputPaths = (
				"${PODS_PODFILE_DIR_PATH}/Podfile.lock",
				"${PODS_ROOT}/Manifest.lock",
			);
			name = "[CP] Check Pods Manifest.lock";
			outputPaths = (
				"$(DERIVED_FILE_DIR)/Pods-WapiPay-checkManifestLockResult.txt",
			);
			runOnlyForDeploymentPostprocessing = 0;
			shellPath = /bin/sh;
			shellScript = "diff \"${PODS_PODFILE_DIR_PATH}/Podfile.lock\" \"${PODS_ROOT}/Manifest.lock\" > /dev/null\nif [ $? != 0 ] ; then\n    # print error to STDERR\n    echo \"error: The sandbox is not in sync with the Podfile.lock. Run 'pod install' or update your CocoaPods installation.\" >&2\n    exit 1\nfi\n# This output is used by Xcode 'outputs' to avoid re-running this script phase.\necho \"SUCCESS\" > \"${SCRIPT_OUTPUT_FILE_0}\"\n";
			showEnvVarsInLog = 0;
		};
		D19852518532F81D87A7CBA9 /* [CP] Copy Pods Resources */ = {
			isa = PBXShellScriptBuildPhase;
			buildActionMask = 2147483647;
			files = (
			);
			inputPaths = (
				"${PODS_ROOT}/Target Support Files/Pods-WapiPay/Pods-WapiPay-resources.sh",
				"${PODS_CONFIGURATION_BUILD_DIR}/RNImageCropPicker/QBImagePicker.bundle",
				"${PODS_ROOT}/../../node_modules/react-native-vector-icons/Fonts/AntDesign.ttf",
				"${PODS_ROOT}/../../node_modules/react-native-vector-icons/Fonts/Entypo.ttf",
				"${PODS_ROOT}/../../node_modules/react-native-vector-icons/Fonts/EvilIcons.ttf",
				"${PODS_ROOT}/../../node_modules/react-native-vector-icons/Fonts/Feather.ttf",
				"${PODS_ROOT}/../../node_modules/react-native-vector-icons/Fonts/FontAwesome.ttf",
				"${PODS_ROOT}/../../node_modules/react-native-vector-icons/Fonts/FontAwesome5_Brands.ttf",
				"${PODS_ROOT}/../../node_modules/react-native-vector-icons/Fonts/FontAwesome5_Regular.ttf",
				"${PODS_ROOT}/../../node_modules/react-native-vector-icons/Fonts/FontAwesome5_Solid.ttf",
				"${PODS_ROOT}/../../node_modules/react-native-vector-icons/Fonts/Fontisto.ttf",
				"${PODS_ROOT}/../../node_modules/react-native-vector-icons/Fonts/Foundation.ttf",
				"${PODS_ROOT}/../../node_modules/react-native-vector-icons/Fonts/Ionicons.ttf",
				"${PODS_ROOT}/../../node_modules/react-native-vector-icons/Fonts/MaterialCommunityIcons.ttf",
				"${PODS_ROOT}/../../node_modules/react-native-vector-icons/Fonts/MaterialIcons.ttf",
				"${PODS_ROOT}/../../node_modules/react-native-vector-icons/Fonts/Octicons.ttf",
				"${PODS_ROOT}/../../node_modules/react-native-vector-icons/Fonts/SimpleLineIcons.ttf",
				"${PODS_ROOT}/../../node_modules/react-native-vector-icons/Fonts/Zocial.ttf",
				"${PODS_CONFIGURATION_BUILD_DIR}/TOCropViewController/TOCropViewControllerBundle.bundle",
			);
			name = "[CP] Copy Pods Resources";
			outputPaths = (
				"${TARGET_BUILD_DIR}/${UNLOCALIZED_RESOURCES_FOLDER_PATH}/QBImagePicker.bundle",
				"${TARGET_BUILD_DIR}/${UNLOCALIZED_RESOURCES_FOLDER_PATH}/AntDesign.ttf",
				"${TARGET_BUILD_DIR}/${UNLOCALIZED_RESOURCES_FOLDER_PATH}/Entypo.ttf",
				"${TARGET_BUILD_DIR}/${UNLOCALIZED_RESOURCES_FOLDER_PATH}/EvilIcons.ttf",
				"${TARGET_BUILD_DIR}/${UNLOCALIZED_RESOURCES_FOLDER_PATH}/Feather.ttf",
				"${TARGET_BUILD_DIR}/${UNLOCALIZED_RESOURCES_FOLDER_PATH}/FontAwesome.ttf",
				"${TARGET_BUILD_DIR}/${UNLOCALIZED_RESOURCES_FOLDER_PATH}/FontAwesome5_Brands.ttf",
				"${TARGET_BUILD_DIR}/${UNLOCALIZED_RESOURCES_FOLDER_PATH}/FontAwesome5_Regular.ttf",
				"${TARGET_BUILD_DIR}/${UNLOCALIZED_RESOURCES_FOLDER_PATH}/FontAwesome5_Solid.ttf",
				"${TARGET_BUILD_DIR}/${UNLOCALIZED_RESOURCES_FOLDER_PATH}/Fontisto.ttf",
				"${TARGET_BUILD_DIR}/${UNLOCALIZED_RESOURCES_FOLDER_PATH}/Foundation.ttf",
				"${TARGET_BUILD_DIR}/${UNLOCALIZED_RESOURCES_FOLDER_PATH}/Ionicons.ttf",
				"${TARGET_BUILD_DIR}/${UNLOCALIZED_RESOURCES_FOLDER_PATH}/MaterialCommunityIcons.ttf",
				"${TARGET_BUILD_DIR}/${UNLOCALIZED_RESOURCES_FOLDER_PATH}/MaterialIcons.ttf",
				"${TARGET_BUILD_DIR}/${UNLOCALIZED_RESOURCES_FOLDER_PATH}/Octicons.ttf",
				"${TARGET_BUILD_DIR}/${UNLOCALIZED_RESOURCES_FOLDER_PATH}/SimpleLineIcons.ttf",
				"${TARGET_BUILD_DIR}/${UNLOCALIZED_RESOURCES_FOLDER_PATH}/Zocial.ttf",
				"${TARGET_BUILD_DIR}/${UNLOCALIZED_RESOURCES_FOLDER_PATH}/TOCropViewControllerBundle.bundle",
			);
			runOnlyForDeploymentPostprocessing = 0;
			shellPath = /bin/sh;
			shellScript = "\"${PODS_ROOT}/Target Support Files/Pods-WapiPay/Pods-WapiPay-resources.sh\"\n";
			showEnvVarsInLog = 0;
		};
		FD10A7F022414F080027D42C /* Start Packager */ = {
			isa = PBXShellScriptBuildPhase;
			buildActionMask = 2147483647;
			files = (
			);
			inputPaths = (
			);
			name = "Start Packager";
			outputPaths = (
			);
			runOnlyForDeploymentPostprocessing = 0;
			shellPath = /bin/sh;
			shellScript = "export RCT_METRO_PORT=\"${RCT_METRO_PORT:=8081}\"\necho \"export RCT_METRO_PORT=${RCT_METRO_PORT}\" > \"${SRCROOT}/../node_modules/react-native/scripts/.packager.env\"\nif [ -z \"${RCT_NO_LAUNCH_PACKAGER+xxx}\" ] ; then\n  if nc -w 5 -z localhost ${RCT_METRO_PORT} ; then\n    if ! curl -s \"http://localhost:${RCT_METRO_PORT}/status\" | grep -q \"packager-status:running\" ; then\n      echo \"Port ${RCT_METRO_PORT} already in use, packager is either not running or not running correctly\"\n      exit 2\n    fi\n  else\n    open \"$SRCROOT/../node_modules/react-native/scripts/launchPackager.command\" || echo \"Can't start packager automatically\"\n  fi\nfi\n";
			showEnvVarsInLog = 0;
		};
/* End PBXShellScriptBuildPhase section */

/* Begin PBXSourcesBuildPhase section */
		13B07F871A680F5B00A75B9A /* Sources */ = {
			isa = PBXSourcesBuildPhase;
			buildActionMask = 2147483647;
			files = (
				08655A8725374F56005EECD5 /* main.m in Sources */,
				08655A8625374F56005EECD5 /* AppDelegate.m in Sources */,
			);
			runOnlyForDeploymentPostprocessing = 0;
		};
/* End PBXSourcesBuildPhase section */

/* Begin PBXVariantGroup section */
		13B07FB11A68108700A75B9A /* LaunchScreen.xib */ = {
			isa = PBXVariantGroup;
			children = (
				13B07FB21A68108700A75B9A /* Base */,
			);
			name = LaunchScreen.xib;
			path = WapiPay;
			sourceTree = "<group>";
		};
/* End PBXVariantGroup section */

/* Begin XCBuildConfiguration section */
		13B07F941A680F5B00A75B9A /* Debug */ = {
			isa = XCBuildConfiguration;
			baseConfigurationReference = 8A86E1DB0245F20A8CDDEC41 /* Pods-WapiPay.debug.xcconfig */;
			buildSettings = {
				ASSETCATALOG_COMPILER_APPICON_NAME = AppIcon;
				CODE_SIGN_ENTITLEMENTS = WapiPay/WapiPay.entitlements;
				CODE_SIGN_IDENTITY = "Apple Development";
				CODE_SIGN_STYLE = Automatic;
				CURRENT_PROJECT_VERSION = 44;
				DEAD_CODE_STRIPPING = NO;
				DEVELOPMENT_TEAM = "";
				HEADER_SEARCH_PATHS = (
					"$(inherited)",
					"$(SRCROOT)/../node_modules/aurora-imui-react-native/iOS/IMUIMessageCollectionView/**",
				);
				INFOPLIST_FILE = WapiPay/Info.plist;
				LD_RUNPATH_SEARCH_PATHS = "$(inherited) @executable_path/Frameworks";
				LIBRARY_SEARCH_PATHS = (
					"$(inherited)",
					"\"${PODS_CONFIGURATION_BUILD_DIR}/BVLinearGradient\"",
					"\"${PODS_CONFIGURATION_BUILD_DIR}/Base64\"",
					"\"${PODS_CONFIGURATION_BUILD_DIR}/CodePush\"",
					"\"${PODS_CONFIGURATION_BUILD_DIR}/DoubleConversion\"",
					"\"${PODS_CONFIGURATION_BUILD_DIR}/FBReactNativeSpec\"",
					"\"${PODS_CONFIGURATION_BUILD_DIR}/Folly\"",
					"\"${PODS_CONFIGURATION_BUILD_DIR}/JCore\"",
					"\"${PODS_CONFIGURATION_BUILD_DIR}/JMessageRN\"",
					"\"${PODS_CONFIGURATION_BUILD_DIR}/JPush\"",
					"\"${PODS_CONFIGURATION_BUILD_DIR}/JWT\"",
					"\"${PODS_CONFIGURATION_BUILD_DIR}/Permission-BluetoothPeripheral\"",
					"\"${PODS_CONFIGURATION_BUILD_DIR}/Permission-Calendars\"",
					"\"${PODS_CONFIGURATION_BUILD_DIR}/Permission-Camera\"",
					"\"${PODS_CONFIGURATION_BUILD_DIR}/Permission-Contacts\"",
					"\"${PODS_CONFIGURATION_BUILD_DIR}/Permission-FaceID\"",
					"\"${PODS_CONFIGURATION_BUILD_DIR}/Permission-LocationAlways\"",
					"\"${PODS_CONFIGURATION_BUILD_DIR}/Permission-LocationWhenInUse\"",
					"\"${PODS_CONFIGURATION_BUILD_DIR}/Permission-MediaLibrary\"",
					"\"${PODS_CONFIGURATION_BUILD_DIR}/Permission-Microphone\"",
					"\"${PODS_CONFIGURATION_BUILD_DIR}/Permission-Motion\"",
					"\"${PODS_CONFIGURATION_BUILD_DIR}/Permission-Notifications\"",
					"\"${PODS_CONFIGURATION_BUILD_DIR}/Permission-PhotoLibrary\"",
					"\"${PODS_CONFIGURATION_BUILD_DIR}/Permission-Reminders\"",
					"\"${PODS_CONFIGURATION_BUILD_DIR}/Permission-Siri\"",
					"\"${PODS_CONFIGURATION_BUILD_DIR}/Permission-SpeechRecognition\"",
					"\"${PODS_CONFIGURATION_BUILD_DIR}/Permission-StoreKit\"",
					"\"${PODS_CONFIGURATION_BUILD_DIR}/RCTTypeSafety\"",
					"\"${PODS_CONFIGURATION_BUILD_DIR}/RCTWeChat\"",
					"\"${PODS_CONFIGURATION_BUILD_DIR}/RNCAsyncStorage\"",
					"\"${PODS_CONFIGURATION_BUILD_DIR}/RNDateTimePicker\"",
					"\"${PODS_CONFIGURATION_BUILD_DIR}/RNDeviceInfo\"",
					"\"${PODS_CONFIGURATION_BUILD_DIR}/RNFS\"",
					"\"${PODS_CONFIGURATION_BUILD_DIR}/RNGestureHandler\"",
					"\"${PODS_CONFIGURATION_BUILD_DIR}/RNI18n\"",
					"\"${PODS_CONFIGURATION_BUILD_DIR}/RNPermissions\"",
					"\"${PODS_CONFIGURATION_BUILD_DIR}/RNSVG\"",
					"\"${PODS_CONFIGURATION_BUILD_DIR}/RNScreens\"",
					"\"${PODS_CONFIGURATION_BUILD_DIR}/RNVectorIcons\"",
					"\"${PODS_CONFIGURATION_BUILD_DIR}/RNViewShot\"",
					"\"${PODS_CONFIGURATION_BUILD_DIR}/React-Core\"",
					"\"${PODS_CONFIGURATION_BUILD_DIR}/React-CoreModules\"",
					"\"${PODS_CONFIGURATION_BUILD_DIR}/React-RCTActionSheet\"",
					"\"${PODS_CONFIGURATION_BUILD_DIR}/React-RCTAnimation\"",
					"\"${PODS_CONFIGURATION_BUILD_DIR}/React-RCTBlob\"",
					"\"${PODS_CONFIGURATION_BUILD_DIR}/React-RCTImage\"",
					"\"${PODS_CONFIGURATION_BUILD_DIR}/React-RCTLinking\"",
					"\"${PODS_CONFIGURATION_BUILD_DIR}/React-RCTNetwork\"",
					"\"${PODS_CONFIGURATION_BUILD_DIR}/React-RCTSettings\"",
					"\"${PODS_CONFIGURATION_BUILD_DIR}/React-RCTText\"",
					"\"${PODS_CONFIGURATION_BUILD_DIR}/React-RCTVibration\"",
					"\"${PODS_CONFIGURATION_BUILD_DIR}/React-cxxreact\"",
					"\"${PODS_CONFIGURATION_BUILD_DIR}/React-jsi\"",
					"\"${PODS_CONFIGURATION_BUILD_DIR}/React-jsiexecutor\"",
					"\"${PODS_CONFIGURATION_BUILD_DIR}/React-jsinspector\"",
					"\"${PODS_CONFIGURATION_BUILD_DIR}/ReactCommon\"",
					"\"${PODS_CONFIGURATION_BUILD_DIR}/ReactNativeART\"",
					"\"${PODS_CONFIGURATION_BUILD_DIR}/SSZipArchive\"",
					"\"${PODS_CONFIGURATION_BUILD_DIR}/Yoga\"",
					"\"${PODS_CONFIGURATION_BUILD_DIR}/glog\"",
					"\"${PODS_CONFIGURATION_BUILD_DIR}/react-native-camera\"",
					"\"${PODS_CONFIGURATION_BUILD_DIR}/react-native-cameraroll\"",
					"\"${PODS_CONFIGURATION_BUILD_DIR}/react-native-document-picker\"",
					"\"${PODS_CONFIGURATION_BUILD_DIR}/react-native-image-picker\"",
					"\"${PODS_CONFIGURATION_BUILD_DIR}/react-native-keep-awake\"",
					"\"${PODS_CONFIGURATION_BUILD_DIR}/react-native-network-info\"",
					"\"${PODS_CONFIGURATION_BUILD_DIR}/react-native-orientation\"",
					"\"${PODS_CONFIGURATION_BUILD_DIR}/react-native-pdf\"",
					"\"${PODS_CONFIGURATION_BUILD_DIR}/react-native-progress-view\"",
					"\"${PODS_CONFIGURATION_BUILD_DIR}/react-native-slider\"",
					"\"${PODS_CONFIGURATION_BUILD_DIR}/react-native-video\"",
					"\"${PODS_CONFIGURATION_BUILD_DIR}/react-native-video-helper\"",
					"\"${PODS_CONFIGURATION_BUILD_DIR}/react-native-webview\"",
					"\"${PODS_CONFIGURATION_BUILD_DIR}/rn-fetch-blob\"",
					"\"${PODS_ROOT}/../../node_modules/jcore-react-native/ios/RCTJCoreModule\"",
					"\"${PODS_ROOT}/../../node_modules/jpush-react-native/ios/RCTJPushModule\"",
					"\"${PODS_ROOT}/../../node_modules/react-native-wechat/ios\"",
					"\"${PODS_CONFIGURATION_BUILD_DIR}/React\"",
				);
				MARKETING_VERSION = 1.97;
				OTHER_LDFLAGS = (
					"$(inherited)",
					"-ObjC",
					"-lc++",
				);
				PRODUCT_BUNDLE_IDENTIFIER = com.qxsx.cpsa;
				PRODUCT_NAME = WapiPay;
				PROVISIONING_PROFILE_SPECIFIER = "";
				VERSIONING_SYSTEM = "apple-generic";
			};
			name = Debug;
		};
		13B07F951A680F5B00A75B9A /* Release */ = {
			isa = XCBuildConfiguration;
			baseConfigurationReference = 8FDBD0A904FD92FDD8BC8443 /* Pods-WapiPay.release.xcconfig */;
			buildSettings = {
				ASSETCATALOG_COMPILER_APPICON_NAME = AppIcon;
				CODE_SIGN_ENTITLEMENTS = WapiPay/WapiPay.entitlements;
				CODE_SIGN_IDENTITY = "Apple Development";
				CODE_SIGN_STYLE = Automatic;
				CURRENT_PROJECT_VERSION = 44;
				DEVELOPMENT_TEAM = "";
				HEADER_SEARCH_PATHS = (
					"$(inherited)",
					"$(SRCROOT)/../node_modules/aurora-imui-react-native/iOS/IMUIMessageCollectionView/**",
				);
				INFOPLIST_FILE = WapiPay/Info.plist;
				LD_RUNPATH_SEARCH_PATHS = "$(inherited) @executable_path/Frameworks";
				LIBRARY_SEARCH_PATHS = (
					"$(inherited)",
					"\"${PODS_CONFIGURATION_BUILD_DIR}/BVLinearGradient\"",
					"\"${PODS_CONFIGURATION_BUILD_DIR}/Base64\"",
					"\"${PODS_CONFIGURATION_BUILD_DIR}/CodePush\"",
					"\"${PODS_CONFIGURATION_BUILD_DIR}/DoubleConversion\"",
					"\"${PODS_CONFIGURATION_BUILD_DIR}/FBReactNativeSpec\"",
					"\"${PODS_CONFIGURATION_BUILD_DIR}/Folly\"",
					"\"${PODS_CONFIGURATION_BUILD_DIR}/JCore\"",
					"\"${PODS_CONFIGURATION_BUILD_DIR}/JMessageRN\"",
					"\"${PODS_CONFIGURATION_BUILD_DIR}/JPush\"",
					"\"${PODS_CONFIGURATION_BUILD_DIR}/JWT\"",
					"\"${PODS_CONFIGURATION_BUILD_DIR}/Permission-BluetoothPeripheral\"",
					"\"${PODS_CONFIGURATION_BUILD_DIR}/Permission-Calendars\"",
					"\"${PODS_CONFIGURATION_BUILD_DIR}/Permission-Camera\"",
					"\"${PODS_CONFIGURATION_BUILD_DIR}/Permission-Contacts\"",
					"\"${PODS_CONFIGURATION_BUILD_DIR}/Permission-FaceID\"",
					"\"${PODS_CONFIGURATION_BUILD_DIR}/Permission-LocationAlways\"",
					"\"${PODS_CONFIGURATION_BUILD_DIR}/Permission-LocationWhenInUse\"",
					"\"${PODS_CONFIGURATION_BUILD_DIR}/Permission-MediaLibrary\"",
					"\"${PODS_CONFIGURATION_BUILD_DIR}/Permission-Microphone\"",
					"\"${PODS_CONFIGURATION_BUILD_DIR}/Permission-Motion\"",
					"\"${PODS_CONFIGURATION_BUILD_DIR}/Permission-Notifications\"",
					"\"${PODS_CONFIGURATION_BUILD_DIR}/Permission-PhotoLibrary\"",
					"\"${PODS_CONFIGURATION_BUILD_DIR}/Permission-Reminders\"",
					"\"${PODS_CONFIGURATION_BUILD_DIR}/Permission-Siri\"",
					"\"${PODS_CONFIGURATION_BUILD_DIR}/Permission-SpeechRecognition\"",
					"\"${PODS_CONFIGURATION_BUILD_DIR}/Permission-StoreKit\"",
					"\"${PODS_CONFIGURATION_BUILD_DIR}/RCTTypeSafety\"",
					"\"${PODS_CONFIGURATION_BUILD_DIR}/RCTWeChat\"",
					"\"${PODS_CONFIGURATION_BUILD_DIR}/RNCAsyncStorage\"",
					"\"${PODS_CONFIGURATION_BUILD_DIR}/RNDateTimePicker\"",
					"\"${PODS_CONFIGURATION_BUILD_DIR}/RNDeviceInfo\"",
					"\"${PODS_CONFIGURATION_BUILD_DIR}/RNFS\"",
					"\"${PODS_CONFIGURATION_BUILD_DIR}/RNGestureHandler\"",
					"\"${PODS_CONFIGURATION_BUILD_DIR}/RNI18n\"",
					"\"${PODS_CONFIGURATION_BUILD_DIR}/RNPermissions\"",
					"\"${PODS_CONFIGURATION_BUILD_DIR}/RNSVG\"",
					"\"${PODS_CONFIGURATION_BUILD_DIR}/RNScreens\"",
					"\"${PODS_CONFIGURATION_BUILD_DIR}/RNVectorIcons\"",
					"\"${PODS_CONFIGURATION_BUILD_DIR}/RNViewShot\"",
					"\"${PODS_CONFIGURATION_BUILD_DIR}/React-Core\"",
					"\"${PODS_CONFIGURATION_BUILD_DIR}/React-CoreModules\"",
					"\"${PODS_CONFIGURATION_BUILD_DIR}/React-RCTActionSheet\"",
					"\"${PODS_CONFIGURATION_BUILD_DIR}/React-RCTAnimation\"",
					"\"${PODS_CONFIGURATION_BUILD_DIR}/React-RCTBlob\"",
					"\"${PODS_CONFIGURATION_BUILD_DIR}/React-RCTImage\"",
					"\"${PODS_CONFIGURATION_BUILD_DIR}/React-RCTLinking\"",
					"\"${PODS_CONFIGURATION_BUILD_DIR}/React-RCTNetwork\"",
					"\"${PODS_CONFIGURATION_BUILD_DIR}/React-RCTSettings\"",
					"\"${PODS_CONFIGURATION_BUILD_DIR}/React-RCTText\"",
					"\"${PODS_CONFIGURATION_BUILD_DIR}/React-RCTVibration\"",
					"\"${PODS_CONFIGURATION_BUILD_DIR}/React-cxxreact\"",
					"\"${PODS_CONFIGURATION_BUILD_DIR}/React-jsi\"",
					"\"${PODS_CONFIGURATION_BUILD_DIR}/React-jsiexecutor\"",
					"\"${PODS_CONFIGURATION_BUILD_DIR}/React-jsinspector\"",
					"\"${PODS_CONFIGURATION_BUILD_DIR}/ReactCommon\"",
					"\"${PODS_CONFIGURATION_BUILD_DIR}/ReactNativeART\"",
					"\"${PODS_CONFIGURATION_BUILD_DIR}/SSZipArchive\"",
					"\"${PODS_CONFIGURATION_BUILD_DIR}/Yoga\"",
					"\"${PODS_CONFIGURATION_BUILD_DIR}/glog\"",
					"\"${PODS_CONFIGURATION_BUILD_DIR}/react-native-camera\"",
					"\"${PODS_CONFIGURATION_BUILD_DIR}/react-native-cameraroll\"",
					"\"${PODS_CONFIGURATION_BUILD_DIR}/react-native-document-picker\"",
					"\"${PODS_CONFIGURATION_BUILD_DIR}/react-native-image-picker\"",
					"\"${PODS_CONFIGURATION_BUILD_DIR}/react-native-keep-awake\"",
					"\"${PODS_CONFIGURATION_BUILD_DIR}/react-native-network-info\"",
					"\"${PODS_CONFIGURATION_BUILD_DIR}/react-native-orientation\"",
					"\"${PODS_CONFIGURATION_BUILD_DIR}/react-native-pdf\"",
					"\"${PODS_CONFIGURATION_BUILD_DIR}/react-native-progress-view\"",
					"\"${PODS_CONFIGURATION_BUILD_DIR}/react-native-slider\"",
					"\"${PODS_CONFIGURATION_BUILD_DIR}/react-native-video\"",
					"\"${PODS_CONFIGURATION_BUILD_DIR}/react-native-video-helper\"",
					"\"${PODS_CONFIGURATION_BUILD_DIR}/react-native-webview\"",
					"\"${PODS_CONFIGURATION_BUILD_DIR}/rn-fetch-blob\"",
					"\"${PODS_ROOT}/../../node_modules/jcore-react-native/ios/RCTJCoreModule\"",
					"\"${PODS_ROOT}/../../node_modules/jpush-react-native/ios/RCTJPushModule\"",
					"\"${PODS_ROOT}/../../node_modules/react-native-wechat/ios\"",
					"\"${PODS_CONFIGURATION_BUILD_DIR}/React\"",
				);
				MARKETING_VERSION = 1.97;
				OTHER_LDFLAGS = (
					"$(inherited)",
					"-ObjC",
					"-lc++",
				);
				PRODUCT_BUNDLE_IDENTIFIER = com.qxsx.cpsa;
				PRODUCT_NAME = WapiPay;
				PROVISIONING_PROFILE_SPECIFIER = "";
				VERSIONING_SYSTEM = "apple-generic";
			};
			name = Release;
		};
		83CBBA201A601CBA00E9B192 /* Debug */ = {
			isa = XCBuildConfiguration;
			buildSettings = {
				ALWAYS_EMBED_SWIFT_STANDARD_LIBRARIES = YES;
				ALWAYS_SEARCH_USER_PATHS = NO;
				CLANG_CXX_LANGUAGE_STANDARD = "gnu++0x";
				CLANG_CXX_LIBRARY = "libc++";
				CLANG_ENABLE_MODULES = YES;
				CLANG_ENABLE_OBJC_ARC = YES;
				CLANG_WARN_BLOCK_CAPTURE_AUTORELEASING = YES;
				CLANG_WARN_BOOL_CONVERSION = YES;
				CLANG_WARN_COMMA = YES;
				CLANG_WARN_CONSTANT_CONVERSION = YES;
				CLANG_WARN_DEPRECATED_OBJC_IMPLEMENTATIONS = YES;
				CLANG_WARN_DIRECT_OBJC_ISA_USAGE = YES_ERROR;
				CLANG_WARN_EMPTY_BODY = YES;
				CLANG_WARN_ENUM_CONVERSION = YES;
				CLANG_WARN_INFINITE_RECURSION = YES;
				CLANG_WARN_INT_CONVERSION = YES;
				CLANG_WARN_NON_LITERAL_NULL_CONVERSION = YES;
				CLANG_WARN_OBJC_IMPLICIT_RETAIN_SELF = YES;
				CLANG_WARN_OBJC_LITERAL_CONVERSION = YES;
				CLANG_WARN_OBJC_ROOT_CLASS = YES_ERROR;
				CLANG_WARN_RANGE_LOOP_ANALYSIS = YES;
				CLANG_WARN_STRICT_PROTOTYPES = YES;
				CLANG_WARN_SUSPICIOUS_MOVE = YES;
				CLANG_WARN_UNREACHABLE_CODE = YES;
				CLANG_WARN__DUPLICATE_METHOD_MATCH = YES;
				"CODE_SIGN_IDENTITY[sdk=iphoneos*]" = "iPhone Developer";
				COPY_PHASE_STRIP = NO;
				ENABLE_STRICT_OBJC_MSGSEND = YES;
				ENABLE_TESTABILITY = YES;
				GCC_C_LANGUAGE_STANDARD = gnu99;
				GCC_DYNAMIC_NO_PIC = NO;
				GCC_NO_COMMON_BLOCKS = YES;
				GCC_OPTIMIZATION_LEVEL = 0;
				GCC_PREPROCESSOR_DEFINITIONS = (
					"DEBUG=1",
					"$(inherited)",
				);
				GCC_SYMBOLS_PRIVATE_EXTERN = NO;
				GCC_WARN_64_TO_32_BIT_CONVERSION = YES;
				GCC_WARN_ABOUT_RETURN_TYPE = YES_ERROR;
				GCC_WARN_UNDECLARED_SELECTOR = YES;
				GCC_WARN_UNINITIALIZED_AUTOS = YES_AGGRESSIVE;
				GCC_WARN_UNUSED_FUNCTION = YES;
				GCC_WARN_UNUSED_VARIABLE = YES;
				IPHONEOS_DEPLOYMENT_TARGET = 9.0;
				MTL_ENABLE_DEBUG_INFO = YES;
				ONLY_ACTIVE_ARCH = YES;
				SDKROOT = iphoneos;
			};
			name = Debug;
		};
		83CBBA211A601CBA00E9B192 /* Release */ = {
			isa = XCBuildConfiguration;
			buildSettings = {
				ALWAYS_EMBED_SWIFT_STANDARD_LIBRARIES = YES;
				ALWAYS_SEARCH_USER_PATHS = NO;
				CLANG_CXX_LANGUAGE_STANDARD = "gnu++0x";
				CLANG_CXX_LIBRARY = "libc++";
				CLANG_ENABLE_MODULES = YES;
				CLANG_ENABLE_OBJC_ARC = YES;
				CLANG_WARN_BLOCK_CAPTURE_AUTORELEASING = YES;
				CLANG_WARN_BOOL_CONVERSION = YES;
				CLANG_WARN_COMMA = YES;
				CLANG_WARN_CONSTANT_CONVERSION = YES;
				CLANG_WARN_DEPRECATED_OBJC_IMPLEMENTATIONS = YES;
				CLANG_WARN_DIRECT_OBJC_ISA_USAGE = YES_ERROR;
				CLANG_WARN_EMPTY_BODY = YES;
				CLANG_WARN_ENUM_CONVERSION = YES;
				CLANG_WARN_INFINITE_RECURSION = YES;
				CLANG_WARN_INT_CONVERSION = YES;
				CLANG_WARN_NON_LITERAL_NULL_CONVERSION = YES;
				CLANG_WARN_OBJC_IMPLICIT_RETAIN_SELF = YES;
				CLANG_WARN_OBJC_LITERAL_CONVERSION = YES;
				CLANG_WARN_OBJC_ROOT_CLASS = YES_ERROR;
				CLANG_WARN_RANGE_LOOP_ANALYSIS = YES;
				CLANG_WARN_STRICT_PROTOTYPES = YES;
				CLANG_WARN_SUSPICIOUS_MOVE = YES;
				CLANG_WARN_UNREACHABLE_CODE = YES;
				CLANG_WARN__DUPLICATE_METHOD_MATCH = YES;
				"CODE_SIGN_IDENTITY[sdk=iphoneos*]" = "iPhone Developer";
				COPY_PHASE_STRIP = YES;
				ENABLE_NS_ASSERTIONS = NO;
				ENABLE_STRICT_OBJC_MSGSEND = YES;
				GCC_C_LANGUAGE_STANDARD = gnu99;
				GCC_NO_COMMON_BLOCKS = YES;
				GCC_WARN_64_TO_32_BIT_CONVERSION = YES;
				GCC_WARN_ABOUT_RETURN_TYPE = YES_ERROR;
				GCC_WARN_UNDECLARED_SELECTOR = YES;
				GCC_WARN_UNINITIALIZED_AUTOS = YES_AGGRESSIVE;
				GCC_WARN_UNUSED_FUNCTION = YES;
				GCC_WARN_UNUSED_VARIABLE = YES;
				IPHONEOS_DEPLOYMENT_TARGET = 9.0;
				MTL_ENABLE_DEBUG_INFO = NO;
				SDKROOT = iphoneos;
				VALIDATE_PRODUCT = YES;
			};
			name = Release;
		};
/* End XCBuildConfiguration section */

/* Begin XCConfigurationList section */
		13B07F931A680F5B00A75B9A /* Build configuration list for PBXNativeTarget "WapiPay" */ = {
			isa = XCConfigurationList;
			buildConfigurations = (
				13B07F941A680F5B00A75B9A /* Debug */,
				13B07F951A680F5B00A75B9A /* Release */,
			);
			defaultConfigurationIsVisible = 0;
			defaultConfigurationName = Release;
		};
		83CBB9FA1A601CBA00E9B192 /* Build configuration list for PBXProject "WapiApp" */ = {
			isa = XCConfigurationList;
			buildConfigurations = (
				83CBBA201A601CBA00E9B192 /* Debug */,
				83CBBA211A601CBA00E9B192 /* Release */,
			);
			defaultConfigurationIsVisible = 0;
			defaultConfigurationName = Release;
		};
/* End XCConfigurationList section */
	};
	rootObject = 83CBB9F71A601CBA00E9B192 /* Project object */;
}
